// !$*UTF8*$!
{
	archiveVersion = 1;
	classes = {
	};
	objectVersion = 46;
	objects = {

/* Begin PBXBuildFile section */
		A07EE97219FE036B0006F035 /* main.m in Sources */ = {isa = PBXBuildFile; fileRef = A07EE97119FE036B0006F035 /* main.m */; };
		A07EE97519FE036B0006F035 /* AppDelegate.m in Sources */ = {isa = PBXBuildFile; fileRef = A07EE97419FE036B0006F035 /* AppDelegate.m */; };
		A07EE97B19FE036B0006F035 /* Main.storyboard in Resources */ = {isa = PBXBuildFile; fileRef = A07EE97919FE036B0006F035 /* Main.storyboard */; };
		A07EE97D19FE036B0006F035 /* Images.xcassets in Resources */ = {isa = PBXBuildFile; fileRef = A07EE97C19FE036B0006F035 /* Images.xcassets */; };
		A07EE98019FE036B0006F035 /* LaunchScreen.xib in Resources */ = {isa = PBXBuildFile; fileRef = A07EE97E19FE036B0006F035 /* LaunchScreen.xib */; };
		A07EE98C19FE036B0006F035 /* FastStatTests.m in Sources */ = {isa = PBXBuildFile; fileRef = A07EE98B19FE036B0006F035 /* FastStatTests.m */; };
		A07F06F81A2F2A2A00B04F24 /* Default.plist in Resources */ = {isa = PBXBuildFile; fileRef = A07F06F71A2F2A2A00B04F24 /* Default.plist */; };
		A07F06FC1A2F37AF00B04F24 /* Game.m in Sources */ = {isa = PBXBuildFile; fileRef = A07F06FB1A2F37AF00B04F24 /* Game.m */; };
		A07F06FF1A2F37C300B04F24 /* GameViewController.m in Sources */ = {isa = PBXBuildFile; fileRef = A07F06FE1A2F37C300B04F24 /* GameViewController.m */; };
		A0A96D481A11D229005E0242 /* Player.m in Sources */ = {isa = PBXBuildFile; fileRef = A0A96D471A11D229005E0242 /* Player.m */; };
		A0A96D501A11D9F5005E0242 /* DataInsertionController.m in Sources */ = {isa = PBXBuildFile; fileRef = A0A96D4F1A11D9F5005E0242 /* DataInsertionController.m */; };
		A0C86C7F1A1328D000AC293F /* EndOfGameViewController.m in Sources */ = {isa = PBXBuildFile; fileRef = A0C86C7C1A1328D000AC293F /* EndOfGameViewController.m */; };
		A0C86C801A1328D000AC293F /* StatViewController.m in Sources */ = {isa = PBXBuildFile; fileRef = A0C86C7E1A1328D000AC293F /* StatViewController.m */; };
/* End PBXBuildFile section */

/* Begin PBXContainerItemProxy section */
		A07EE98619FE036B0006F035 /* PBXContainerItemProxy */ = {
			isa = PBXContainerItemProxy;
			containerPortal = A07EE96419FE036B0006F035 /* Project object */;
			proxyType = 1;
			remoteGlobalIDString = A07EE96B19FE036B0006F035;
			remoteInfo = FastStat;
		};
/* End PBXContainerItemProxy section */

/* Begin PBXFileReference section */
		A07EE96C19FE036B0006F035 /* FastStat.app */ = {isa = PBXFileReference; explicitFileType = wrapper.application; includeInIndex = 0; path = FastStat.app; sourceTree = BUILT_PRODUCTS_DIR; };
		A07EE97019FE036B0006F035 /* Info.plist */ = {isa = PBXFileReference; lastKnownFileType = text.plist.xml; path = Info.plist; sourceTree = "<group>"; };
		A07EE97119FE036B0006F035 /* main.m */ = {isa = PBXFileReference; lastKnownFileType = sourcecode.c.objc; path = main.m; sourceTree = "<group>"; };
		A07EE97319FE036B0006F035 /* AppDelegate.h */ = {isa = PBXFileReference; lastKnownFileType = sourcecode.c.h; path = AppDelegate.h; sourceTree = "<group>"; };
		A07EE97419FE036B0006F035 /* AppDelegate.m */ = {isa = PBXFileReference; lastKnownFileType = sourcecode.c.objc; path = AppDelegate.m; sourceTree = "<group>"; };
		A07EE97A19FE036B0006F035 /* Base */ = {isa = PBXFileReference; lastKnownFileType = file.storyboard; name = Base; path = Base.lproj/Main.storyboard; sourceTree = "<group>"; };
		A07EE97C19FE036B0006F035 /* Images.xcassets */ = {isa = PBXFileReference; lastKnownFileType = folder.assetcatalog; path = Images.xcassets; sourceTree = "<group>"; };
		A07EE97F19FE036B0006F035 /* Base */ = {isa = PBXFileReference; lastKnownFileType = file.xib; name = Base; path = Base.lproj/LaunchScreen.xib; sourceTree = "<group>"; };
		A07EE98519FE036B0006F035 /* FastStatTests.xctest */ = {isa = PBXFileReference; explicitFileType = wrapper.cfbundle; includeInIndex = 0; path = FastStatTests.xctest; sourceTree = BUILT_PRODUCTS_DIR; };
		A07EE98A19FE036B0006F035 /* Info.plist */ = {isa = PBXFileReference; lastKnownFileType = text.plist.xml; path = Info.plist; sourceTree = "<group>"; };
		A07EE98B19FE036B0006F035 /* FastStatTests.m */ = {isa = PBXFileReference; lastKnownFileType = sourcecode.c.objc; path = FastStatTests.m; sourceTree = "<group>"; };
		A07F06F71A2F2A2A00B04F24 /* Default.plist */ = {isa = PBXFileReference; fileEncoding = 4; lastKnownFileType = text.plist.xml; path = Default.plist; sourceTree = "<group>"; };
		A07F06F91A2F378300B04F24 /* Player.h */ = {isa = PBXFileReference; lastKnownFileType = sourcecode.c.h; path = Player.h; sourceTree = "<group>"; };
		A07F06FA1A2F37A100B04F24 /* Game.h */ = {isa = PBXFileReference; lastKnownFileType = sourcecode.c.h; path = Game.h; sourceTree = "<group>"; };
		A07F06FB1A2F37AF00B04F24 /* Game.m */ = {isa = PBXFileReference; fileEncoding = 4; lastKnownFileType = sourcecode.c.objc; path = Game.m; sourceTree = "<group>"; };
		A07F06FD1A2F37BC00B04F24 /* GameViewController.h */ = {isa = PBXFileReference; lastKnownFileType = sourcecode.c.h; path = GameViewController.h; sourceTree = "<group>"; };
		A07F06FE1A2F37C300B04F24 /* GameViewController.m */ = {isa = PBXFileReference; fileEncoding = 4; lastKnownFileType = sourcecode.c.objc; path = GameViewController.m; sourceTree = "<group>"; };
		A0A96D471A11D229005E0242 /* Player.m */ = {isa = PBXFileReference; fileEncoding = 4; lastKnownFileType = sourcecode.c.objc; path = Player.m; sourceTree = "<group>"; };
		A0A96D4E1A11D8F1005E0242 /* DataInsertionController.h */ = {isa = PBXFileReference; lastKnownFileType = sourcecode.c.h; path = DataInsertionController.h; sourceTree = "<group>"; };
		A0A96D4F1A11D9F5005E0242 /* DataInsertionController.m */ = {isa = PBXFileReference; fileEncoding = 4; lastKnownFileType = sourcecode.c.objc; path = DataInsertionController.m; sourceTree = "<group>"; };
		A0C86C7B1A1328D000AC293F /* EndOfGameViewController.h */ = {isa = PBXFileReference; fileEncoding = 4; lastKnownFileType = sourcecode.c.h; path = EndOfGameViewController.h; sourceTree = "<group>"; };
		A0C86C7C1A1328D000AC293F /* EndOfGameViewController.m */ = {isa = PBXFileReference; fileEncoding = 4; lastKnownFileType = sourcecode.c.objc; path = EndOfGameViewController.m; sourceTree = "<group>"; };
		A0C86C7D1A1328D000AC293F /* StatViewController.h */ = {isa = PBXFileReference; fileEncoding = 4; lastKnownFileType = sourcecode.c.h; path = StatViewController.h; sourceTree = "<group>"; };
		A0C86C7E1A1328D000AC293F /* StatViewController.m */ = {isa = PBXFileReference; fileEncoding = 4; lastKnownFileType = sourcecode.c.objc; path = StatViewController.m; sourceTree = "<group>"; };
/* End PBXFileReference section */

/* Begin PBXFrameworksBuildPhase section */
		A07EE96919FE036B0006F035 /* Frameworks */ = {
			isa = PBXFrameworksBuildPhase;
			buildActionMask = 2147483647;
			files = (
			);
			runOnlyForDeploymentPostprocessing = 0;
		};
		A07EE98219FE036B0006F035 /* Frameworks */ = {
			isa = PBXFrameworksBuildPhase;
			buildActionMask = 2147483647;
			files = (
			);
			runOnlyForDeploymentPostprocessing = 0;
		};
/* End PBXFrameworksBuildPhase section */

/* Begin PBXGroup section */
		A07EE96319FE036B0006F035 = {
			isa = PBXGroup;
			children = (
				A07EE96E19FE036B0006F035 /* FastStat */,
				A07EE98819FE036B0006F035 /* FastStatTests */,
				A07EE96D19FE036B0006F035 /* Products */,
			);
			sourceTree = "<group>";
		};
		A07EE96D19FE036B0006F035 /* Products */ = {
			isa = PBXGroup;
			children = (
				A07EE96C19FE036B0006F035 /* FastStat.app */,
				A07EE98519FE036B0006F035 /* FastStatTests.xctest */,
			);
			name = Products;
			sourceTree = "<group>";
		};
		A07EE96E19FE036B0006F035 /* FastStat */ = {
			isa = PBXGroup;
			children = (
				A0A96D4D1A11D69F005E0242 /* Model */,
				A0A96D4C1A11D689005E0242 /* Control */,
				A0A96D4B1A11D5B0005E0242 /* View */,
				A07EE97319FE036B0006F035 /* AppDelegate.h */,
				A07EE97419FE036B0006F035 /* AppDelegate.m */,
				A07EE97C19FE036B0006F035 /* Images.xcassets */,
				A07EE97E19FE036B0006F035 /* LaunchScreen.xib */,
				A07EE96F19FE036B0006F035 /* Supporting Files */,
				A07F06F71A2F2A2A00B04F24 /* Default.plist */,
			);
			path = FastStat;
			sourceTree = "<group>";
		};
		A07EE96F19FE036B0006F035 /* Supporting Files */ = {
			isa = PBXGroup;
			children = (
				A07EE97019FE036B0006F035 /* Info.plist */,
				A07EE97119FE036B0006F035 /* main.m */,
			);
			name = "Supporting Files";
			sourceTree = "<group>";
		};
		A07EE98819FE036B0006F035 /* FastStatTests */ = {
			isa = PBXGroup;
			children = (
				A07EE98B19FE036B0006F035 /* FastStatTests.m */,
				A07EE98919FE036B0006F035 /* Supporting Files */,
			);
			path = FastStatTests;
			sourceTree = "<group>";
		};
		A07EE98919FE036B0006F035 /* Supporting Files */ = {
			isa = PBXGroup;
			children = (
				A07EE98A19FE036B0006F035 /* Info.plist */,
			);
			name = "Supporting Files";
			sourceTree = "<group>";
		};
		A0A96D4B1A11D5B0005E0242 /* View */ = {
			isa = PBXGroup;
			children = (
				A07EE97919FE036B0006F035 /* Main.storyboard */,
			);
			name = View;
			sourceTree = "<group>";
		};
		A0A96D4C1A11D689005E0242 /* Control */ = {
			isa = PBXGroup;
			children = (
				A07F06FD1A2F37BC00B04F24 /* GameViewController.h */,
				A07F06FE1A2F37C300B04F24 /* GameViewController.m */,
				A0C86C7B1A1328D000AC293F /* EndOfGameViewController.h */,
				A0C86C7C1A1328D000AC293F /* EndOfGameViewController.m */,
				A0C86C7D1A1328D000AC293F /* StatViewController.h */,
				A0C86C7E1A1328D000AC293F /* StatViewController.m */,
				A0A96D4E1A11D8F1005E0242 /* DataInsertionController.h */,
				A0A96D4F1A11D9F5005E0242 /* DataInsertionController.m */,
			);
			name = Control;
			sourceTree = "<group>";
		};
		A0A96D4D1A11D69F005E0242 /* Model */ = {
			isa = PBXGroup;
			children = (
				A07F06F91A2F378300B04F24 /* Player.h */,
				A0A96D471A11D229005E0242 /* Player.m */,
				A07F06FA1A2F37A100B04F24 /* Game.h */,
				A07F06FB1A2F37AF00B04F24 /* Game.m */,
			);
			name = Model;
			sourceTree = "<group>";
		};
/* End PBXGroup section */

/* Begin PBXNativeTarget section */
		A07EE96B19FE036B0006F035 /* FastStat */ = {
			isa = PBXNativeTarget;
			buildConfigurationList = A07EE98F19FE036B0006F035 /* Build configuration list for PBXNativeTarget "FastStat" */;
			buildPhases = (
				A07EE96819FE036B0006F035 /* Sources */,
				A07EE96919FE036B0006F035 /* Frameworks */,
				A07EE96A19FE036B0006F035 /* Resources */,
			);
			buildRules = (
			);
			dependencies = (
			);
			name = FastStat;
			productName = FastStat;
			productReference = A07EE96C19FE036B0006F035 /* FastStat.app */;
			productType = "com.apple.product-type.application";
		};
		A07EE98419FE036B0006F035 /* FastStatTests */ = {
			isa = PBXNativeTarget;
			buildConfigurationList = A07EE99219FE036B0006F035 /* Build configuration list for PBXNativeTarget "FastStatTests" */;
			buildPhases = (
				A07EE98119FE036B0006F035 /* Sources */,
				A07EE98219FE036B0006F035 /* Frameworks */,
				A07EE98319FE036B0006F035 /* Resources */,
			);
			buildRules = (
			);
			dependencies = (
				A07EE98719FE036B0006F035 /* PBXTargetDependency */,
			);
			name = FastStatTests;
			productName = FastStatTests;
			productReference = A07EE98519FE036B0006F035 /* FastStatTests.xctest */;
			productType = "com.apple.product-type.bundle.unit-test";
		};
/* End PBXNativeTarget section */

/* Begin PBXProject section */
		A07EE96419FE036B0006F035 /* Project object */ = {
			isa = PBXProject;
			attributes = {
				LastUpgradeCheck = 0610;
				ORGANIZATIONNAME = "Michael Franco";
				TargetAttributes = {
					A07EE96B19FE036B0006F035 = {
						CreatedOnToolsVersion = 6.1;
					};
					A07EE98419FE036B0006F035 = {
						CreatedOnToolsVersion = 6.1;
						TestTargetID = A07EE96B19FE036B0006F035;
					};
				};
			};
			buildConfigurationList = A07EE96719FE036B0006F035 /* Build configuration list for PBXProject "FastStat" */;
			compatibilityVersion = "Xcode 3.2";
			developmentRegion = English;
			hasScannedForEncodings = 0;
			knownRegions = (
				en,
				Base,
			);
			mainGroup = A07EE96319FE036B0006F035;
			productRefGroup = A07EE96D19FE036B0006F035 /* Products */;
			projectDirPath = "";
			projectRoot = "";
			targets = (
				A07EE96B19FE036B0006F035 /* FastStat */,
				A07EE98419FE036B0006F035 /* FastStatTests */,
			);
		};
/* End PBXProject section */

/* Begin PBXResourcesBuildPhase section */
		A07EE96A19FE036B0006F035 /* Resources */ = {
			isa = PBXResourcesBuildPhase;
			buildActionMask = 2147483647;
			files = (
				A07F06F81A2F2A2A00B04F24 /* Default.plist in Resources */,
				A07EE97B19FE036B0006F035 /* Main.storyboard in Resources */,
				A07EE98019FE036B0006F035 /* LaunchScreen.xib in Resources */,
				A07EE97D19FE036B0006F035 /* Images.xcassets in Resources */,
			);
			runOnlyForDeploymentPostprocessing = 0;
		};
		A07EE98319FE036B0006F035 /* Resources */ = {
			isa = PBXResourcesBuildPhase;
			buildActionMask = 2147483647;
			files = (
			);
			runOnlyForDeploymentPostprocessing = 0;
		};
/* End PBXResourcesBuildPhase section */

/* Begin PBXSourcesBuildPhase section */
		A07EE96819FE036B0006F035 /* Sources */ = {
			isa = PBXSourcesBuildPhase;
			buildActionMask = 2147483647;
			files = (
				A07F06FC1A2F37AF00B04F24 /* Game.m in Sources */,
				A0A96D501A11D9F5005E0242 /* DataInsertionController.m in Sources */,
				A0C86C7F1A1328D000AC293F /* EndOfGameViewController.m in Sources */,
				A07F06FF1A2F37C300B04F24 /* GameViewController.m in Sources */,
				A0C86C801A1328D000AC293F /* StatViewController.m in Sources */,
				A07EE97519FE036B0006F035 /* AppDelegate.m in Sources */,
				A07EE97219FE036B0006F035 /* main.m in Sources */,
				A0A96D481A11D229005E0242 /* Player.m in Sources */,
			);
			runOnlyForDeploymentPostprocessing = 0;
		};
		A07EE98119FE036B0006F035 /* Sources */ = {
			isa = PBXSourcesBuildPhase;
			buildActionMask = 2147483647;
			files = (
				A07EE98C19FE036B0006F035 /* FastStatTests.m in Sources */,
			);
			runOnlyForDeploymentPostprocessing = 0;
		};
/* End PBXSourcesBuildPhase section */

/* Begin PBXTargetDependency section */
		A07EE98719FE036B0006F035 /* PBXTargetDependency */ = {
			isa = PBXTargetDependency;
			target = A07EE96B19FE036B0006F035 /* FastStat */;
			targetProxy = A07EE98619FE036B0006F035 /* PBXContainerItemProxy */;
		};
/* End PBXTargetDependency section */

/* Begin PBXVariantGroup section */
		A07EE97919FE036B0006F035 /* Main.storyboard */ = {
			isa = PBXVariantGroup;
			children = (
				A07EE97A19FE036B0006F035 /* Base */,
			);
			name = Main.storyboard;
			sourceTree = "<group>";
		};
		A07EE97E19FE036B0006F035 /* LaunchScreen.xib */ = {
			isa = PBXVariantGroup;
			children = (
				A07EE97F19FE036B0006F035 /* Base */,
			);
			name = LaunchScreen.xib;
			sourceTree = "<group>";
		};
/* End PBXVariantGroup section */

/* Begin XCBuildConfiguration section */
		A07EE98D19FE036B0006F035 /* Debug */ = {
			isa = XCBuildConfiguration;
			buildSettings = {
				ALWAYS_SEARCH_USER_PATHS = NO;
				CLANG_CXX_LANGUAGE_STANDARD = "gnu++0x";
				CLANG_CXX_LIBRARY = "libc++";
				CLANG_ENABLE_MODULES = YES;
				CLANG_ENABLE_OBJC_ARC = YES;
				CLANG_WARN_BOOL_CONVERSION = YES;
				CLANG_WARN_CONSTANT_CONVERSION = YES;
				CLANG_WARN_DIRECT_OBJC_ISA_USAGE = YES_ERROR;
				CLANG_WARN_EMPTY_BODY = YES;
				CLANG_WARN_ENUM_CONVERSION = YES;
				CLANG_WARN_INT_CONVERSION = YES;
				CLANG_WARN_OBJC_ROOT_CLASS = YES_ERROR;
				CLANG_WARN_UNREACHABLE_CODE = YES;
				CLANG_WARN__DUPLICATE_METHOD_MATCH = YES;
				"CODE_SIGN_IDENTITY[sdk=iphoneos*]" = "iPhone Developer";
				COPY_PHASE_STRIP = NO;
				ENABLE_STRICT_OBJC_MSGSEND = YES;
				GCC_C_LANGUAGE_STANDARD = gnu99;
				GCC_DYNAMIC_NO_PIC = NO;
				GCC_OPTIMIZATION_LEVEL = 0;
				GCC_PREPROCESSOR_DEFINITIONS = (
					"DEBUG=1",
					"$(inherited)",
				);
				GCC_SYMBOLS_PRIVATE_EXTERN = NO;
				GCC_WARN_64_TO_32_BIT_CONVERSION = YES;
				GCC_WARN_ABOUT_RETURN_TYPE = YES_ERROR;
				GCC_WARN_UNDECLARED_SELECTOR = YES;
				GCC_WARN_UNINITIALIZED_AUTOS = YES_AGGRESSIVE;
				GCC_WARN_UNUSED_FUNCTION = YES;
				GCC_WARN_UNUSED_VARIABLE = YES;
				IPHONEOS_DEPLOYMENT_TARGET = 8.1;
				MTL_ENABLE_DEBUG_INFO = YES;
				ONLY_ACTIVE_ARCH = YES;
				SDKROOT = iphoneos;
				TARGETED_DEVICE_FAMILY = "1,2";
			};
			name = Debug;
		};
		A07EE98E19FE036B0006F035 /* Release */ = {
			isa = XCBuildConfiguration;
			buildSettings = {
				ALWAYS_SEARCH_USER_PATHS = NO;
				CLANG_CXX_LANGUAGE_STANDARD = "gnu++0x";
				CLANG_CXX_LIBRARY = "libc++";
				CLANG_ENABLE_MODULES = YES;
				CLANG_ENABLE_OBJC_ARC = YES;
				CLANG_WARN_BOOL_CONVERSION = YES;
				CLANG_WARN_CONSTANT_CONVERSION = YES;
				CLANG_WARN_DIRECT_OBJC_ISA_USAGE = YES_ERROR;
				CLANG_WARN_EMPTY_BODY = YES;
				CLANG_WARN_ENUM_CONVERSION = YES;
				CLANG_WARN_INT_CONVERSION = YES;
				CLANG_WARN_OBJC_ROOT_CLASS = YES_ERROR;
				CLANG_WARN_UNREACHABLE_CODE = YES;
				CLANG_WARN__DUPLICATE_METHOD_MATCH = YES;
				"CODE_SIGN_IDENTITY[sdk=iphoneos*]" = "iPhone Developer";
				COPY_PHASE_STRIP = YES;
				ENABLE_NS_ASSERTIONS = NO;
				ENABLE_STRICT_OBJC_MSGSEND = YES;
				GCC_C_LANGUAGE_STANDARD = gnu99;
				GCC_WARN_64_TO_32_BIT_CONVERSION = YES;
				GCC_WARN_ABOUT_RETURN_TYPE = YES_ERROR;
				GCC_WARN_UNDECLARED_SELECTOR = YES;
				GCC_WARN_UNINITIALIZED_AUTOS = YES_AGGRESSIVE;
				GCC_WARN_UNUSED_FUNCTION = YES;
				GCC_WARN_UNUSED_VARIABLE = YES;
				IPHONEOS_DEPLOYMENT_TARGET = 8.1;
				MTL_ENABLE_DEBUG_INFO = NO;
				SDKROOT = iphoneos;
				TARGETED_DEVICE_FAMILY = "1,2";
				VALIDATE_PRODUCT = YES;
			};
			name = Release;
		};
		A07EE99019FE036B0006F035 /* Debug */ = {
			isa = XCBuildConfiguration;
			buildSettings = {
				ASSETCATALOG_COMPILER_APPICON_NAME = AppIcon;
				INFOPLIST_FILE = FastStat/Info.plist;
				LD_RUNPATH_SEARCH_PATHS = "$(inherited) @executable_path/Frameworks";
				PRODUCT_NAME = "$(TARGET_NAME)";
				TARGETED_DEVICE_FAMILY = "1,2";
			};
			name = Debug;
		};
		A07EE99119FE036B0006F035 /* Release */ = {
			isa = XCBuildConfiguration;
			buildSettings = {
				ASSETCATALOG_COMPILER_APPICON_NAME = AppIcon;
				INFOPLIST_FILE = FastStat/Info.plist;
				LD_RUNPATH_SEARCH_PATHS = "$(inherited) @executable_path/Frameworks";
				PRODUCT_NAME = "$(TARGET_NAME)";
				TARGETED_DEVICE_FAMILY = "1,2";
			};
			name = Release;
		};
		A07EE99319FE036B0006F035 /* Debug */ = {
			isa = XCBuildConfiguration;
			buildSettings = {
				BUNDLE_LOADER = "$(TEST_HOST)";
				FRAMEWORK_SEARCH_PATHS = (
					"$(SDKROOT)/Developer/Library/Frameworks",
					"$(inherited)",
				);
				GCC_PREPROCESSOR_DEFINITIONS = (
					"DEBUG=1",
					"$(inherited)",
				);
				INFOPLIST_FILE = FastStatTests/Info.plist;
				LD_RUNPATH_SEARCH_PATHS = "$(inherited) @executable_path/Frameworks @loader_path/Frameworks";
				PRODUCT_NAME = "$(TARGET_NAME)";
				TEST_HOST = "$(BUILT_PRODUCTS_DIR)/FastStat.app/FastStat";
			};
			name = Debug;
		};
		A07EE99419FE036B0006F035 /* Release */ = {
			isa = XCBuildConfiguration;
			buildSettings = {
				BUNDLE_LOADER = "$(TEST_HOST)";
				FRAMEWORK_SEARCH_PATHS = (
					"$(SDKROOT)/Developer/Library/Frameworks",
					"$(inherited)",
				);
				INFOPLIST_FILE = FastStatTests/Info.plist;
				LD_RUNPATH_SEARCH_PATHS = "$(inherited) @executable_path/Frameworks @loader_path/Frameworks";
				PRODUCT_NAME = "$(TARGET_NAME)";
				TEST_HOST = "$(BUILT_PRODUCTS_DIR)/FastStat.app/FastStat";
			};
			name = Release;
		};
/* End XCBuildConfiguration section */

/* Begin XCConfigurationList section */
		A07EE96719FE036B0006F035 /* Build configuration list for PBXProject "FastStat" */ = {
			isa = XCConfigurationList;
			buildConfigurations = (
				A07EE98D19FE036B0006F035 /* Debug */,
				A07EE98E19FE036B0006F035 /* Release */,
			);
			defaultConfigurationIsVisible = 0;
			defaultConfigurationName = Release;
		};
		A07EE98F19FE036B0006F035 /* Build configuration list for PBXNativeTarget "FastStat" */ = {
			isa = XCConfigurationList;
			buildConfigurations = (
				A07EE99019FE036B0006F035 /* Debug */,
				A07EE99119FE036B0006F035 /* Release */,
			);
			defaultConfigurationIsVisible = 0;
			defaultConfigurationName = Release;
		};
		A07EE99219FE036B0006F035 /* Build configuration list for PBXNativeTarget "FastStatTests" */ = {
			isa = XCConfigurationList;
			buildConfigurations = (
				A07EE99319FE036B0006F035 /* Debug */,
				A07EE99419FE036B0006F035 /* Release */,
			);
			defaultConfigurationIsVisible = 0;
			defaultConfigurationName = Release;
		};
/* End XCConfigurationList section */
	};
	rootObject = A07EE96419FE036B0006F035 /* Project object */;
}
